{
  "name": "example",
  "version": "1.0.0",
  "lockfileVersion": 2,
  "requires": true,
  "packages": {
    "": {
      "name": "example",
      "version": "1.0.0",
      "license": "ISC",
      "dependencies": {
        "@sentry/node": "^5.5.0"
      },
      "devDependencies": {
        "dotenv": "^16.0.1"
      }
    },
    "node_modules/@sentry/core": {
      "version": "5.30.0",
      "resolved": "https://registry.npmjs.org/@sentry/core/-/core-5.30.0.tgz",
      "integrity": "sha512-TmfrII8w1PQZSZgPpUESqjB+jC6MvZJZdLtE/0hZ+SrnKhW3x5WlYLvTXZpcWePYBku7rl2wn1RZu6uT0qCTeg==",
      "dependencies": {
        "@sentry/hub": "5.30.0",
        "@sentry/minimal": "5.30.0",
        "@sentry/types": "5.30.0",
        "@sentry/utils": "5.30.0",
        "tslib": "^1.9.3"
      },
      "engines": {
        "node": ">=6"
      }
    },
    "node_modules/@sentry/hub": {
      "version": "5.30.0",
      "resolved": "https://registry.npmjs.org/@sentry/hub/-/hub-5.30.0.tgz",
      "integrity": "sha512-2tYrGnzb1gKz2EkMDQcfLrDTvmGcQPuWxLnJKXJvYTQDGLlEvi2tWz1VIHjunmOvJrB5aIQLhm+dcMRwFZDCqQ==",
      "dependencies": {
        "@sentry/types": "5.30.0",
        "@sentry/utils": "5.30.0",
        "tslib": "^1.9.3"
      },
      "engines": {
        "node": ">=6"
      }
    },
    "node_modules/@sentry/minimal": {
      "version": "5.30.0",
      "resolved": "https://registry.npmjs.org/@sentry/minimal/-/minimal-5.30.0.tgz",
      "integrity": "sha512-BwWb/owZKtkDX+Sc4zCSTNcvZUq7YcH3uAVlmh/gtR9rmUvbzAA3ewLuB3myi4wWRAMEtny6+J/FN/x+2wn9Xw==",
      "dependencies": {
        "@sentry/hub": "5.30.0",
        "@sentry/types": "5.30.0",
        "tslib": "^1.9.3"
      },
      "engines": {
        "node": ">=6"
      }
    },
    "node_modules/@sentry/node": {
      "version": "5.30.0",
      "resolved": "https://registry.npmjs.org/@sentry/node/-/node-5.30.0.tgz",
      "integrity": "sha512-Br5oyVBF0fZo6ZS9bxbJZG4ApAjRqAnqFFurMVJJdunNb80brh7a5Qva2kjhm+U6r9NJAB5OmDyPkA1Qnt+QVg==",
      "dependencies": {
        "@sentry/core": "5.30.0",
        "@sentry/hub": "5.30.0",
        "@sentry/tracing": "5.30.0",
        "@sentry/types": "5.30.0",
        "@sentry/utils": "5.30.0",
        "cookie": "^0.4.1",
        "https-proxy-agent": "^5.0.0",
        "lru_map": "^0.3.3",
        "tslib": "^1.9.3"
      },
      "engines": {
        "node": ">=6"
      }
    },
    "node_modules/@sentry/tracing": {
      "version": "5.30.0",
      "resolved": "https://registry.npmjs.org/@sentry/tracing/-/tracing-5.30.0.tgz",
      "integrity": "sha512-dUFowCr0AIMwiLD7Fs314Mdzcug+gBVo/+NCMyDw8tFxJkwWAKl7Qa2OZxLQ0ZHjakcj1hNKfCQJ9rhyfOl4Aw==",
      "dependencies": {
        "@sentry/hub": "5.30.0",
        "@sentry/minimal": "5.30.0",
        "@sentry/types": "5.30.0",
        "@sentry/utils": "5.30.0",
        "tslib": "^1.9.3"
      },
      "engines": {
        "node": ">=6"
      }
    },
    "node_modules/@sentry/types": {
      "version": "5.30.0",
      "resolved": "https://registry.npmjs.org/@sentry/types/-/types-5.30.0.tgz",
      "integrity": "sha512-R8xOqlSTZ+htqrfteCWU5Nk0CDN5ApUTvrlvBuiH1DyP6czDZ4ktbZB0hAgBlVcK0U+qpD3ag3Tqqpa5Q67rPw==",
      "engines": {
        "node": ">=6"
      }
    },
    "node_modules/@sentry/utils": {
      "version": "5.30.0",
      "resolved": "https://registry.npmjs.org/@sentry/utils/-/utils-5.30.0.tgz",
      "integrity": "sha512-zaYmoH0NWWtvnJjC9/CBseXMtKHm/tm40sz3YfJRxeQjyzRqNQPgivpd9R/oDJCYj999mzdW382p/qi2ypjLww==",
      "dependencies": {
        "@sentry/types": "5.30.0",
        "tslib": "^1.9.3"
      },
      "engines": {
        "node": ">=6"
      }
    },
    "node_modules/agent-base": {
      "version": "6.0.2",
      "resolved": "https://registry.npmjs.org/agent-base/-/agent-base-6.0.2.tgz",
      "integrity": "sha512-RZNwNclF7+MS/8bDg70amg32dyeZGZxiDuQmZxKLAlQjr3jGyLx+4Kkk58UO7D2QdgFIQCovuSuZESne6RG6XQ==",
      "dependencies": {
        "debug": "4"
      },
      "engines": {
        "node": ">= 6.0.0"
      }
    },
    "node_modules/cookie": {
      "version": "0.4.2",
      "resolved": "https://registry.npmjs.org/cookie/-/cookie-0.4.2.tgz",
      "integrity": "sha512-aSWTXFzaKWkvHO1Ny/s+ePFpvKsPnjc551iI41v3ny/ow6tBG5Vd+FuqGNhh1LxOmVzOlGUriIlOaokOvhaStA==",
      "engines": {
        "node": ">= 0.6"
      }
    },
    "node_modules/debug": {
      "version": "4.3.4",
      "resolved": "https://registry.npmjs.org/debug/-/debug-4.3.4.tgz",
      "integrity": "sha512-PRWFHuSU3eDtQJPvnNY7Jcket1j0t5OuOsFzPPzsekD52Zl8qUfFIPEiswXqIvHWGVHOgX+7G/vCNNhehwxfkQ==",
      "dependencies": {
        "ms": "2.1.2"
      },
      "engines": {
        "node": ">=6.0"
      },
      "peerDependenciesMeta": {
        "supports-color": {
          "optional": true
        }
      }
    },
    "node_modules/dotenv": {
      "version": "16.0.1",
      "resolved": "https://registry.npmjs.org/dotenv/-/dotenv-16.0.1.tgz",
      "integrity": "sha512-1K6hR6wtk2FviQ4kEiSjFiH5rpzEVi8WW0x96aztHVMhEspNpc4DVOUTEHtEva5VThQ8IaBX1Pe4gSzpVVUsKQ==",
      "dev": true,
      "engines": {
        "node": ">=12"
      }
    },
    "node_modules/https-proxy-agent": {
      "version": "5.0.1",
      "resolved": "https://registry.npmjs.org/https-proxy-agent/-/https-proxy-agent-5.0.1.tgz",
      "integrity": "sha512-dFcAjpTQFgoLMzC2VwU+C/CbS7uRL0lWmxDITmqm7C+7F0Odmj6s9l6alZc6AELXhrnggM2CeWSXHGOdX2YtwA==",
      "dependencies": {
        "agent-base": "6",
        "debug": "4"
      },
      "engines": {
        "node": ">= 6"
      }
    },
    "node_modules/lru_map": {
      "version": "0.3.3",
      "resolved": "https://registry.npmjs.org/lru_map/-/lru_map-0.3.3.tgz",
      "integrity": "sha512-Pn9cox5CsMYngeDbmChANltQl+5pi6XmTrraMSzhPmMBbmgcxmqWry0U3PGapCU1yB4/LqCcom7qhHZiF/jGfQ=="
    },
    "node_modules/ms": {
      "version": "2.1.2",
      "resolved": "https://registry.npmjs.org/ms/-/ms-2.1.2.tgz",
      "integrity": "sha512-sGkPx+VjMtmA6MX27oA4FBFELFCZZ4S4XqeGOXCv68tT+jb3vk/RyaKWP0PTKyWtmLSM0b+adUTEvbs1PEaH2w=="
    },
    "node_modules/tslib": {
      "version": "1.14.1",
      "resolved": "https://registry.npmjs.org/tslib/-/tslib-1.14.1.tgz",
      "integrity": "sha512-Xni35NKzjgMrwevysHTCArtLDpPvye8zV/0E4EyYn43P7/7qvQwPh9BGkHewbMulVntbigmcT7rdX3BNo9wRJg=="
    }
  },
  "dependencies": {
    "@sentry/core": {
      "version": "5.30.0",
      "resolved": "https://registry.npmjs.org/@sentry/core/-/core-5.30.0.tgz",
      "integrity": "sha512-TmfrII8w1PQZSZgPpUESqjB+jC6MvZJZdLtE/0hZ+SrnKhW3x5WlYLvTXZpcWePYBku7rl2wn1RZu6uT0qCTeg==",
      "requires": {
        "@sentry/hub": "5.30.0",
        "@sentry/minimal": "5.30.0",
        "@sentry/types": "5.30.0",
        "@sentry/utils": "5.30.0",
        "tslib": "^1.9.3"
      }
    },
    "@sentry/hub": {
      "version": "5.30.0",
      "resolved": "https://registry.npmjs.org/@sentry/hub/-/hub-5.30.0.tgz",
      "integrity": "sha512-2tYrGnzb1gKz2EkMDQcfLrDTvmGcQPuWxLnJKXJvYTQDGLlEvi2tWz1VIHjunmOvJrB5aIQLhm+dcMRwFZDCqQ==",
      "requires": {
        "@sentry/types": "5.30.0",
        "@sentry/utils": "5.30.0",
        "tslib": "^1.9.3"
      }
    },
    "@sentry/minimal": {
      "version": "5.30.0",
      "resolved": "https://registry.npmjs.org/@sentry/minimal/-/minimal-5.30.0.tgz",
      "integrity": "sha512-BwWb/owZKtkDX+Sc4zCSTNcvZUq7YcH3uAVlmh/gtR9rmUvbzAA3ewLuB3myi4wWRAMEtny6+J/FN/x+2wn9Xw==",
      "requires": {
        "@sentry/hub": "5.30.0",
        "@sentry/types": "5.30.0",
        "tslib": "^1.9.3"
      }
    },
    "@sentry/node": {
      "version": "5.30.0",
      "resolved": "https://registry.npmjs.org/@sentry/node/-/node-5.30.0.tgz",
      "integrity": "sha512-Br5oyVBF0fZo6ZS9bxbJZG4ApAjRqAnqFFurMVJJdunNb80brh7a5Qva2kjhm+U6r9NJAB5OmDyPkA1Qnt+QVg==",
      "requires": {
        "@sentry/core": "5.30.0",
        "@sentry/hub": "5.30.0",
        "@sentry/tracing": "5.30.0",
        "@sentry/types": "5.30.0",
        "@sentry/utils": "5.30.0",
        "cookie": "^0.4.1",
        "https-proxy-agent": "^5.0.0",
        "lru_map": "^0.3.3",
        "tslib": "^1.9.3"
      }
    },
    "@sentry/tracing": {
      "version": "5.30.0",
      "resolved": "https://registry.npmjs.org/@sentry/tracing/-/tracing-5.30.0.tgz",
      "integrity": "sha512-dUFowCr0AIMwiLD7Fs314Mdzcug+gBVo/+NCMyDw8tFxJkwWAKl7Qa2OZxLQ0ZHjakcj1hNKfCQJ9rhyfOl4Aw==",
      "requires": {
        "@sentry/hub": "5.30.0",
        "@sentry/minimal": "5.30.0",
        "@sentry/types": "5.30.0",
        "@sentry/utils": "5.30.0",
        "tslib": "^1.9.3"
      }
    },
    "@sentry/types": {
      "version": "5.30.0",
      "resolved": "https://registry.npmjs.org/@sentry/types/-/types-5.30.0.tgz",
      "integrity": "sha512-R8xOqlSTZ+htqrfteCWU5Nk0CDN5ApUTvrlvBuiH1DyP6czDZ4ktbZB0hAgBlVcK0U+qpD3ag3Tqqpa5Q67rPw=="
    },
    "@sentry/utils": {
      "version": "5.30.0",
      "resolved": "https://registry.npmjs.org/@sentry/utils/-/utils-5.30.0.tgz",
      "integrity": "sha512-zaYmoH0NWWtvnJjC9/CBseXMtKHm/tm40sz3YfJRxeQjyzRqNQPgivpd9R/oDJCYj999mzdW382p/qi2ypjLww==",
      "requires": {
        "@sentry/types": "5.30.0",
        "tslib": "^1.9.3"
      }
    },
    "agent-base": {
      "version": "6.0.2",
      "resolved": "https://registry.npmjs.org/agent-base/-/agent-base-6.0.2.tgz",
      "integrity": "sha512-RZNwNclF7+MS/8bDg70amg32dyeZGZxiDuQmZxKLAlQjr3jGyLx+4Kkk58UO7D2QdgFIQCovuSuZESne6RG6XQ==",
      "requires": {
        "debug": "4"
      }
    },
    "cookie": {
      "version": "0.4.2",
      "resolved": "https://registry.npmjs.org/cookie/-/cookie-0.4.2.tgz",
      "integrity": "sha512-aSWTXFzaKWkvHO1Ny/s+ePFpvKsPnjc551iI41v3ny/ow6tBG5Vd+FuqGNhh1LxOmVzOlGUriIlOaokOvhaStA=="
    },
    "debug": {
      "version": "4.3.4",
      "resolved": "https://registry.npmjs.org/debug/-/debug-4.3.4.tgz",
      "integrity": "sha512-PRWFHuSU3eDtQJPvnNY7Jcket1j0t5OuOsFzPPzsekD52Zl8qUfFIPEiswXqIvHWGVHOgX+7G/vCNNhehwxfkQ==",
      "requires": {
        "ms": "2.1.2"
      }
    },
    "dotenv": {
      "version": "16.0.1",
      "resolved": "https://registry.npmjs.org/dotenv/-/dotenv-16.0.1.tgz",
      "integrity": "sha512-1K6hR6wtk2FviQ4kEiSjFiH5rpzEVi8WW0x96aztHVMhEspNpc4DVOUTEHtEva5VThQ8IaBX1Pe4gSzpVVUsKQ==",
      "dev": true
    },
    "https-proxy-agent": {
      "version": "5.0.1",
      "resolved": "https://registry.npmjs.org/https-proxy-agent/-/https-proxy-agent-5.0.1.tgz",
      "integrity": "sha512-dFcAjpTQFgoLMzC2VwU+C/CbS7uRL0lWmxDITmqm7C+7F0Odmj6s9l6alZc6AELXhrnggM2CeWSXHGOdX2YtwA==",
      "requires": {
        "agent-base": "6",
        "debug": "4"
      }
    },
    "lru_map": {
      "version": "0.3.3",
      "resolved": "https://registry.npmjs.org/lru_map/-/lru_map-0.3.3.tgz",
      "integrity": "sha512-Pn9cox5CsMYngeDbmChANltQl+5pi6XmTrraMSzhPmMBbmgcxmqWry0U3PGapCU1yB4/LqCcom7qhHZiF/jGfQ=="
    },
    "ms": {
      "version": "2.1.2",
      "resolved": "https://registry.npmjs.org/ms/-/ms-2.1.2.tgz",
      "integrity": "sha512-sGkPx+VjMtmA6MX27oA4FBFELFCZZ4S4XqeGOXCv68tT+jb3vk/RyaKWP0PTKyWtmLSM0b+adUTEvbs1PEaH2w=="
    },
    "tslib": {
      "version": "1.14.1",
      "resolved": "https://registry.npmjs.org/tslib/-/tslib-1.14.1.tgz",
      "integrity": "sha512-Xni35NKzjgMrwevysHTCArtLDpPvye8zV/0E4EyYn43P7/7qvQwPh9BGkHewbMulVntbigmcT7rdX3BNo9wRJg=="
    }
  }
}
